github.com/DATA-DOG/go-sqlmock v1.3.3 h1:CWUqKXe0s8A2z6qCgkP4Kru7wC11YoAnoupUKFDnH08=
github.com/DATA-DOG/go-sqlmock v1.3.3/go.mod h1:f/Ixk793poVmq4qj/V1dPUg2JEAKC73Q5eFN3EC/SaM=
github.com/OneOfOne/xxhash v1.2.5 h1:zl/OfRA6nftbBK9qTohYBJ5xvw6C/oNKizR7cZGl3cI=
github.com/OneOfOne/xxhash v1.2.5/go.mod h1:eZbhyaAYD41SGSSsnmcpxVoRiQ/MPUTjUdIIOT9Um7Q=
github.com/aerogo/codetree v1.2.3 h1:Cig8X93E/8ljprlNjO5VCk7hAQIp8Z957Zdvh9qyBmo=
github.com/aerogo/codetree v1.2.3/go.mod h1:MhElfskRtfAKGy5ukRIFcLTtHcSCwLRBjDAlsbuFts0=
github.com/aerogo/codetree v1.2.4 h1:Gf6JHjzUBEGn0Z+h4EK1pikexqFZc8+b/3LiLkRXhms=
github.com/aerogo/codetree v1.2.4/go.mod h1:MhElfskRtfAKGy5ukRIFcLTtHcSCwLRBjDAlsbuFts0=
github.com/aerogo/flow v0.1.4 h1:BCb+nF58tj41xx3aJcxCLsNcGzZH6CGrodRMOIXYfOE=
github.com/aerogo/flow v0.1.4/go.mod h1:xXIb7GY0AKouhbp4/ViCsiOmvvgRGonqPG30d6FnACI=
github.com/aerogo/http v1.0.6 h1:+aswlcWlUxjVcokF8hUjNJmGIEZuhbFbHi8uSadEvtc=
github.com/aerogo/http v1.0.6/go.mod h1:LwJ7b+LjrHj60FhYQ586K3/O7aNGxkE2dy/exEkQ6rA=
github.com/aerogo/pixy v1.2.3 h1:wbTn7qvtIR8smH8l71BXQemmfXKmPKM1fCV2grWlm7g=
github.com/aerogo/pixy v1.2.3/go.mod h1:5O5Ilsi/cHfp9tmHATWgKzmMBoH6z9+Y2QGxsHmTuGk=
github.com/aerogo/scarlet v0.2.3 h1:MJgexWrqDkC0DTHPAMFi3ntvj8lteTYoPz8joEshhs8=
github.com/aerogo/scarlet v0.2.3/go.mod h1:u93/CzH8v0Fe2cCquYHmX93y7dpkli+q7QtTmjHoTx0=
github.com/akyoto/autoimport v0.6.3 h1:YpO9UqPr0GqHiD4c5qFKicTOA2a+yzudk2gs5yqpzBw=
github.com/akyoto/autoimport v0.6.3/go.mod h1:BKSPRNRNHYGGpoBsE/CfhV/ZljNDDFLvTRrmngMAZ30=
github.com/akyoto/color v1.8.3 h1:d+xQM5ra9aCxUzchbxSX2Szkd7cQwuJARSQMzNb3aLM=
github.com/akyoto/color v1.8.3/go.mod h1:wiwOfYJb0XdHYznfIes7wjr79A/EjGPZ64FfbwJv4RY=
github.com/akyoto/color v1.8.4 h1:XS1AL8/JmDHNgN9JRMd1epsQADQF7UXMzUz0nx0kTvY=
github.com/akyoto/color v1.8.4/go.mod h1:JXiVjSFNVJjEAneE77ovynlZFYuaDo6yTanD+OHAN/E=
github.com/akyoto/ignore v1.0.1 h1:R8fgJLGKFNfKcAHYIbWEU/EF345ivRD822/iSZwZvD0=
github.com/akyoto/ignore v1.0.1/go.mod h1:5I1uoQJobhW1ox8oKWBuR08o7R982nHbzY547jDT988=
github.com/akyoto/ignore v1.0.2 h1:A9hy/aUjaiKfjci0OPvwvme5F0e3PHrN9bjNn9oASkM=
github.com/akyoto/ignore v1.0.2/go.mod h1:GhkaVB2bVMq7KuV9AkB1U6FGWZ7mTpuXeKVQNEWVUc0=
github.com/akyoto/stringutils v0.2.0 h1:86gMW/31LO7zc8mGGWB4gLqyFzrNHMZYyj6ebSQbpH4=
github.com/akyoto/stringutils v0.2.0/go.mod h1:EigXf5ZaULP6f5CNjqIIo0fjDHbRe8P4BQwlqCsvi9k=
github.com/davecgh/go-spew v1.1.0 h1:ZDRjVQ15GmhC3fiQ8ni8+OwkZQO4DARzQgrnXU1Liz8=
github.com/davecgh/go-spew v1.1.0/go.mod h1:J7Y8YcW2NihsgmVo/mv3lAwl/skON4iLHjSsI+c5H38=
github.com/davecgh/go-spew v1.1.1 h1:vj9j/u1bqnvCEfJOwUhtlOARqs3+rkHYY13jYWTU97c=
github.com/davecgh/go-spew v1.1.1/go.mod h1:J7Y8YcW2NihsgmVo/mv3lAwl/skON4iLHjSsI+c5H38=
github.com/json-iterator/go v1.1.6 h1:MrUvLMLTMxbqFJ9kzlvat/rYZqZnW3u4wkLzWTaFwKs=
github.com/json-iterator/go v1.1.6/go.mod h1:+SdeFBvtyEkXs7REEP0seUULqWtbJapLOCVDaaPEHmU=
github.com/lucasb-eyer/go-colorful v1.0.2 h1:mCMFu6PgSozg9tDNMMK3g18oJBX7oYGrC09mS6CXfO4=
github.com/lucasb-eyer/go-colorful v1.0.2/go.mod h1:0MS4r+7BZKSJ5mw4/S5MPN+qHFF1fYclkSPilDOKW0s=
github.com/mattn/go-colorable v0.1.1 h1:G1f5SKeVxmagw/IyvzvtZE4Gybcc4Tr1tf7I8z0XgOg=
github.com/mattn/go-colorable v0.1.1/go.mod h1:FuOcm+DKB9mbwrcAfNl7/TZVBZ6rcnceauSikq3lYCQ=
github.com/mattn/go-isatty v0.0.5/go.mod h1:Iq45c/XA43vh69/j3iqttzPXn0bhXyGjM0Hdxcsrc5s=
github.com/mattn/go-isatty v0.0.7 h1:UvyT9uN+3r7yLEYSlJsbQGdsaB/a0DlgWP3pql6iwOc=
github.com/mattn/go-isatty v0.0.7/go.mod h1:Iq45c/XA43vh69/j3iqttzPXn0bhXyGjM0Hdxcsrc5s=
github.com/modern-go/concurrent v0.0.0-20180306012644-bacd9c7ef1dd h1:TRLaZ9cD/w8PVh93nsPXa1VrQ6jlwL5oN8l14QlcNfg=
github.com/modern-go/concurrent v0.0.0-20180306012644-bacd9c7ef1dd/go.mod h1:6dJC0mAP4ikYIbvyc7fijjWJddQyLn8Ig3JB5CqoB9Q=
github.com/modern-go/reflect2 v1.0.1 h1:9f412s+6RmYXLWZSEzVVgPGK7C2PphHj5RJrvfx9AWI=
github.com/modern-go/reflect2 v1.0.1/go.mod h1:bx2lNnkwVCuqBIxFjflWJWanXIb3RllmbCylyMrvgv0=
github.com/pkg/profile v1.3.0/go.mod h1:hJw3o1OdXxsrSjjVksARp5W95eeEaEfptyVZyv6JUPA=
github.com/pmezard/go-difflib v1.0.0 h1:4DBwDE0NGyQoBHbLQYPwSUPoCMWR5BEzIk/f1lZbAQM=
github.com/pmezard/go-difflib v1.0.0/go.mod h1:iKH77koFhYxTK1pcRnkKkqfTogsbg7gZNVY4sRDYZ/4=
github.com/stretchr/objx v0.1.0/go.mod h1:HFkY916IF+rwdDfMAkV7OtwuqBVzrE8GR6GFx+wExME=
github.com/stretchr/objx v0.2.0/go.mod h1:qt09Ya8vawLte6SNmTgCsAVtYtaKzEcn8ATUoHMkEqE=
github.com/stretchr/testify v1.3.0 h1:TivCn/peBQ7UY8ooIcPgZFpTNSz0Q2U6UrFlUfqbe0Q=
github.com/stretchr/testify v1.3.0/go.mod h1:M5WIy9Dh21IEIfnGCwXGc5bZfKNJtfHm1UVUgZn+9EI=
github.com/tdewolff/minify v2.3.6+incompatible h1:2hw5/9ZvxhWLvBUnHE06gElGYz+Jv9R4Eys0XUzItYo=
github.com/tdewolff/minify v2.3.6+incompatible/go.mod h1:9Ov578KJUmAWpS6NeZwRZyT56Uf6o3Mcz9CEsg8USYs=
github.com/tdewolff/parse v2.3.4+incompatible h1:x05/cnGwIMf4ceLuDMBOdQ1qGniMoxpP46ghf0Qzh38=
github.com/tdewolff/parse v2.3.4+incompatible/go.mod h1:8oBwCsVmUkgHO8M5iCzSIDtpzXOT0WXX9cWhz+bIzJQ=
github.com/tdewolff/test v1.0.0 h1:jOwzqCXr5ePXEPGJaq2ivoR6HOCi+D5TPfpoyg8yvmU=
github.com/tdewolff/test v1.0.0/go.mod h1:DiQUlutnqlEvdvhSn2LPGy4TFwRauAaYDsL+683RNX4=
golang.org/x/sys v0.0.0-20190222072716-a9d3bda3a223 h1:DH4skfRX4EBpamg7iV4ZlCpblAHI6s6TDM39bFZumv8=
golang.org/x/sys v0.0.0-20190222072716-a9d3bda3a223/go.mod h1:STP8DvDyc/dI5b8T5hshtkjS+E42TnysNCUPdjciGhY=
golang.org/x/sys v0.0.0-20190428183149-804c0c7841b5 h1:m0i9YywO9THhxmJvLEwKJDD/pD8ljCB+EaT/wYS41Is=
golang.org/x/sys v0.0.0-20190428183149-804c0c7841b5/go.mod h1:h1NjWce9XRLGQEsW7wpKNCjG9DtNlClVuFLEZdDNbEs=
golang.org/x/sys v0.0.0-20190509141414-a5b02f93d862 h1:rM0ROo5vb9AdYJi1110yjWGMej9ITfKddS89P3Fkhug=
golang.org/x/sys v0.0.0-20190509141414-a5b02f93d862/go.mod h1:h1NjWce9XRLGQEsW7wpKNCjG9DtNlClVuFLEZdDNbEs=
golang.org/x/sys v0.0.0-20190515120540-06a5c4944438 h1:khxRGsvPk4n2y8I/mLLjp7e5dMTJmH75wvqS6nMwUtY=
golang.org/x/sys v0.0.0-20190515120540-06a5c4944438/go.mod h1:h1NjWce9XRLGQEsW7wpKNCjG9DtNlClVuFLEZdDNbEs=
